
Microsoft Visual Studio Solution File, Format Version 12.00
# Visual Studio 14
VisualStudioVersion = 14.0.25420.1
MinimumVisualStudioVersion = 10.0.40219.1
Project("{FAE04EC0-301F-11D3-BF4B-00C04F79EFBC}") = "Cenium.Rooms.Data", "Cenium.Rooms.Data\Cenium.Rooms.Data.csproj", "{F2F20795-3E48-4FFA-B9FD-6EBD7B775FB2}"
EndProject
Project("{FAE04EC0-301F-11D3-BF4B-00C04F79EFBC}") = "Cenium.Rooms.Activities", "Cenium.Rooms.Activities\Cenium.Rooms.Activities.csproj", "{AFA28A6E-3350-48BB-8070-DC56B23F96AC}"
EndProject
Project("{FAE04EC0-301F-11D3-BF4B-00C04F79EFBC}") = "Cenium.Rooms.Client.Windows", "Cenium.Rooms.Client.Windows\Cenium.Rooms.Client.Windows.csproj", "{2CAA1A2B-B475-4F84-A7B6-87FE647E324A}"
EndProject
Global
	GlobalSection(SolutionConfigurationPlatforms) = preSolution
		Debug|Any CPU = Debug|Any CPU
		Release|Any CPU = Release|Any CPU
	EndGlobalSection
	GlobalSection(ProjectConfigurationPlatforms) = postSolution
		{F2F20795-3E48-4FFA-B9FD-6EBD7B775FB2}.Debug|Any CPU.ActiveCfg = Debug|Any CPU
		{F2F20795-3E48-4FFA-B9FD-6EBD7B775FB2}.Debug|Any CPU.Build.0 = Debug|Any CPU
		{F2F20795-3E48-4FFA-B9FD-6EBD7B775FB2}.Release|Any CPU.ActiveCfg = Release|Any CPU
		{F2F20795-3E48-4FFA-B9FD-6EBD7B775FB2}.Release|Any CPU.Build.0 = Release|Any CPU
		{AFA28A6E-3350-48BB-8070-DC56B23F96AC}.Debug|Any CPU.ActiveCfg = Debug|Any CPU
		{AFA28A6E-3350-48BB-8070-DC56B23F96AC}.Debug|Any CPU.Build.0 = Debug|Any CPU
		{AFA28A6E-3350-48BB-8070-DC56B23F96AC}.Release|Any CPU.ActiveCfg = Release|Any CPU
		{AFA28A6E-3350-48BB-8070-DC56B23F96AC}.Release|Any CPU.Build.0 = Release|Any CPU
		{2CAA1A2B-B475-4F84-A7B6-87FE647E324A}.Debug|Any CPU.ActiveCfg = Debug|Any CPU
		{2CAA1A2B-B475-4F84-A7B6-87FE647E324A}.Debug|Any CPU.Build.0 = Debug|Any CPU
		{2CAA1A2B-B475-4F84-A7B6-87FE647E324A}.Release|Any CPU.ActiveCfg = Release|Any CPU
		{2CAA1A2B-B475-4F84-A7B6-87FE647E324A}.Release|Any CPU.Build.0 = Release|Any CPU
	EndGlobalSection
	GlobalSection(SolutionProperties) = preSolution
		HideSolutionNode = FALSE
	EndGlobalSection
EndGlobal
